{
  "name": "frida-module-example",
  "version": "1.0.0",
  "lockfileVersion": 1,
  "requires": true,
  "dependencies": {
    "@types/frida-gum": {
      "version": "15.0.0",
      "resolved": "https://registry.npmjs.org/@types/frida-gum/-/frida-gum-15.0.0.tgz",
      "integrity": "sha512-RyVEsrz9v65NJFFjXSS2RrAEe6LlCHC3yIHjUPuBKt9FB1c2pyGZ83QRZH1GiGYnwk2JBQ4SBL94HUwIVwTC1g==",
      "dev": true
    },
    "@types/node": {
      "version": "13.7.0",
      "resolved": "https://registry.npmjs.org/@types/node/-/node-13.7.0.tgz",
      "integrity": "sha512-GnZbirvmqZUzMgkFn70c74OQpTTUcCzlhQliTzYjQMqg+hVKcDnxdL19Ne3UdYzdMA/+W3eb646FWn/ZaT1NfQ==",
      "dev": true
    },
    "typescript": {
      "version": "3.7.5",
      "resolved": "https://registry.npmjs.org/typescript/-/typescript-3.7.5.tgz",
      "integrity": "sha512-/P5lkRXkWHNAbcJIiHPfRoKqyd7bsyCma1hZNUGfn20qm64T6ZBlrzprymeu918H+mB/0rIg2gGK/BXkhhYgBw==",
      "dev": true
    }
  }
}
