{
  "name": "frida-stack",
  "version": "1.0.0",
  "lockfileVersion": 3,
  "requires": true,
  "packages": {
    "": {
      "name": "frida-stack",
      "version": "1.0.0",
      "license": "Apache-2.0",
      "dependencies": {
        "frida-java-bridge": "^7.0.2"
      },
      "devDependencies": {
        "@types/frida-gum": "^19.0.0",
        "@types/node": "^18.19.3",
        "typescript": "^5.3.3"
      }
    },
    "node_modules/@types/frida-gum": {
      "version": "19.0.0",
      "resolved": "https://registry.npmjs.org/@types/frida-gum/-/frida-gum-19.0.0.tgz",
      "integrity": "sha512-qViK1KwvPEAkajwSUv0wpZvZLiX8xO4JFFCh8dfYZfzSyOEfoE0KliCP/nJSKIKG6N3hXnPowrvPufjs5fLKAA==",
      "dev": true,
      "license": "MIT"
    },
    "node_modules/@types/node": {
      "version": "18.19.34",
      "resolved": "https://registry.npmjs.org/@types/node/-/node-18.19.34.tgz",
      "integrity": "sha512-eXF4pfBNV5DAMKGbI02NnDtWrQ40hAN558/2vvS4gMpMIxaf6JmD7YjnZbq0Q9TDSSkKBamime8ewRoomHdt4g==",
      "dev": true,
      "dependencies": {
        "undici-types": "~5.26.4"
      }
    },
    "node_modules/frida-java-bridge": {
      "version": "7.0.2",
      "resolved": "https://registry.npmjs.org/frida-java-bridge/-/frida-java-bridge-7.0.2.tgz",
      "integrity": "sha512-tIw10Jw5kRJfSnFGd1XXwCWs1QF9H55O6vWFt4QOZd2t/anUKks0sbEoPJG3FLL+AVVAK6DW1VFxjJDyvp9tQA==",
      "license": "LGPL-2.0 WITH WxWindows-exception-3.1"
    },
    "node_modules/typescript": {
      "version": "5.4.5",
      "resolved": "https://registry.npmjs.org/typescript/-/typescript-5.4.5.tgz",
      "integrity": "sha512-vcI4UpRgg81oIRUFwR0WSIHKt11nJ7SAVlYNIu+QpqeyXP+gpQJy/Z4+F0aGxSE4MqwjyXvW/TzgkLAx2AGHwQ==",
      "dev": true,
      "bin": {
        "tsc": "bin/tsc",
        "tsserver": "bin/tsserver"
      },
      "engines": {
        "node": ">=14.17"
      }
    },
    "node_modules/undici-types": {
      "version": "5.26.5",
      "resolved": "https://registry.npmjs.org/undici-types/-/undici-types-5.26.5.tgz",
      "integrity": "sha512-JlCMO+ehdEIKqlFxk6IfVoAUVmgz7cU7zD/h9XZ0qzeosSHmUJVOzSQvvYSYWXkFXC+IfLKSIffhv0sVZup6pA==",
      "dev": true
    }
  }
}
