{
  "name": "frida-module-example",
  "version": "1.0.0",
  "lockfileVersion": 1,
  "requires": true,
  "dependencies": {
    "@types/frida-gum": {
      "version": "13.1.0",
      "resolved": "https://registry.npmjs.org/@types/frida-gum/-/frida-gum-13.1.0.tgz",
      "integrity": "sha512-nbWuqto8O+9rmXG7Z0DOXcjev8G87QQepmJJkDCk/GH9E4NnD/Wv/ZI+oCwaKPBNkaz5POlTOP9KB3fGDZr3VQ==",
      "dev": true
    },
    "@types/node": {
      "version": "12.6.8",
      "resolved": "https://registry.npmjs.org/@types/node/-/node-12.6.8.tgz",
      "integrity": "sha512-aX+gFgA5GHcDi89KG5keey2zf0WfZk/HAQotEamsK2kbey+8yGKcson0hbK8E+v0NArlCJQCqMP161YhV6ZXLg==",
      "dev": true
    },
    "typescript": {
      "version": "3.5.3",
      "resolved": "https://registry.npmjs.org/typescript/-/typescript-3.5.3.tgz",
      "integrity": "sha512-ACzBtm/PhXBDId6a6sDJfroT2pOWt/oOnk4/dElG5G33ZL776N3Y6/6bKZJBFpd+b05F3Ct9qDjMeJmRWtE2/g==",
      "dev": true
    }
  }
}
